
Microsoft Visual Studio Solution File, Format Version 12.00
# Visual Studio Version 16
VisualStudioVersion = 16.0.31129.286
MinimumVisualStudioVersion = 10.0.40219.1
Project("{FAE04EC0-301F-11D3-BF4B-00C04F79EFBC}") = "WinFormsApp1", "WinFormsApp1\WinFormsApp1.csproj", "{7E08E15B-E6DD-44D7-AED0-5544AF2C295F}"
EndProject
Global
	GlobalSection(SolutionConfigurationPlatforms) = preSolution
		Debug|Any CPU = Debug|Any CPU
		Release|Any CPU = Release|Any CPU
	EndGlobalSection
	GlobalSection(ProjectConfigurationPlatforms) = postSolution
		{7E08E15B-E6DD-44D7-AED0-5544AF2C295F}.Debug|Any CPU.ActiveCfg = Debug|Any CPU
		{7E08E15B-E6DD-44D7-AED0-5544AF2C295F}.Debug|Any CPU.Build.0 = Debug|Any CPU
		{7E08E15B-E6DD-44D7-AED0-5544AF2C295F}.Release|Any CPU.ActiveCfg = Release|Any CPU
		{7E08E15B-E6DD-44D7-AED0-5544AF2C295F}.Release|Any CPU.Build.0 = Release|Any CPU
	EndGlobalSection
	GlobalSection(SolutionProperties) = preSolution
		HideSolutionNode = FALSE
	EndGlobalSection
	GlobalSection(ExtensibilityGlobals) = postSolution
		SolutionGuid = {57F3E313-DCE7-47D3-992E-8A6B1D19779C}
	EndGlobalSection
EndGlobal
